
Microsoft Visual Studio Solution File, Format Version 12.00
# Visual Studio Version 17
VisualStudioVersion = 17.8.34309.116
MinimumVisualStudioVersion = 10.0.40219.1
Project("{FAE04EC0-301F-11D3-BF4B-00C04F79EFBC}") = "GiyimMağazası", "GiyimMağazası\GiyimMağazası.csproj", "{D21D3CE2-87AC-4161-A829-6814FA21CD93}"
EndProject
Global
	GlobalSection(SolutionConfigurationPlatforms) = preSolution
		Debug|Any CPU = Debug|Any CPU
		Release|Any CPU = Release|Any CPU
	EndGlobalSection
	GlobalSection(ProjectConfigurationPlatforms) = postSolution
		{D21D3CE2-87AC-4161-A829-6814FA21CD93}.Debug|Any CPU.ActiveCfg = Debug|Any CPU
		{D21D3CE2-87AC-4161-A829-6814FA21CD93}.Debug|Any CPU.Build.0 = Debug|Any CPU
		{D21D3CE2-87AC-4161-A829-6814FA21CD93}.Release|Any CPU.ActiveCfg = Release|Any CPU
		{D21D3CE2-87AC-4161-A829-6814FA21CD93}.Release|Any CPU.Build.0 = Release|Any CPU
	EndGlobalSection
	GlobalSection(SolutionProperties) = preSolution
		HideSolutionNode = FALSE
	EndGlobalSection
	GlobalSection(ExtensibilityGlobals) = postSolution
		SolutionGuid = {40ABA66C-B9EB-4380-A99F-69B173A3D9C0}
	EndGlobalSection
EndGlobal
